
Microsoft Visual Studio Solution File, Format Version 12.00
# Visual Studio Version 17
VisualStudioVersion = 17.13.35919.96 d17.13
MinimumVisualStudioVersion = 10.0.40219.1
Project("{FAE04EC0-301F-11D3-BF4B-00C04F79EFBC}") = "FileStorage", "FileStorage.csproj", "{57F46C37-386C-4ED8-AC6F-8AE51CC7A453}"
EndProject
Global
	GlobalSection(SolutionConfigurationPlatforms) = preSolution
		Debug|Any CPU = Debug|Any CPU
		Release|Any CPU = Release|Any CPU
	EndGlobalSection
	GlobalSection(ProjectConfigurationPlatforms) = postSolution
		{57F46C37-386C-4ED8-AC6F-8AE51CC7A453}.Debug|Any CPU.ActiveCfg = Debug|Any CPU
		{57F46C37-386C-4ED8-AC6F-8AE51CC7A453}.Debug|Any CPU.Build.0 = Debug|Any CPU
		{57F46C37-386C-4ED8-AC6F-8AE51CC7A453}.Release|Any CPU.ActiveCfg = Release|Any CPU
		{57F46C37-386C-4ED8-AC6F-8AE51CC7A453}.Release|Any CPU.Build.0 = Release|Any CPU
	EndGlobalSection
	GlobalSection(SolutionProperties) = preSolution
		HideSolutionNode = FALSE
	EndGlobalSection
	GlobalSection(ExtensibilityGlobals) = postSolution
		SolutionGuid = {C832A4F8-109E-4504-BB9F-06704623B90A}
	EndGlobalSection
EndGlobal
